// !$*UTF8*$!
{
	archiveVersion = 1;
	classes = {
	};
	objectVersion = 56;
	objects = {

/* Begin PBXBuildFile section */
		7502358C29B92BEB00DE77AC /* Botão Back.png in Resources */ = {isa = PBXBuildFile; fileRef = 7502358B29B92BEB00DE77AC /* Botão Back.png */; };
		750A450429B90C5100026C63 /* AppDelegate.swift in Sources */ = {isa = PBXBuildFile; fileRef = 750A450329B90C5100026C63 /* AppDelegate.swift */; };
		750A450629B90C5100026C63 /* SceneDelegate.swift in Sources */ = {isa = PBXBuildFile; fileRef = 750A450529B90C5100026C63 /* SceneDelegate.swift */; };
		750A450829B90C5100026C63 /* HomeVC.swift in Sources */ = {isa = PBXBuildFile; fileRef = 750A450729B90C5100026C63 /* HomeVC.swift */; };
		750A450D29B90C5200026C63 /* Assets.xcassets in Resources */ = {isa = PBXBuildFile; fileRef = 750A450C29B90C5200026C63 /* Assets.xcassets */; };
		750A451029B90C5200026C63 /* LaunchScreen.storyboard in Resources */ = {isa = PBXBuildFile; fileRef = 750A450E29B90C5200026C63 /* LaunchScreen.storyboard */; };
		750A451A29B90F1A00026C63 /* HomeScreen.swift in Sources */ = {isa = PBXBuildFile; fileRef = 750A451929B90F1A00026C63 /* HomeScreen.swift */; };
		750A451C29B9118700026C63 /* BG HOME.png in Resources */ = {isa = PBXBuildFile; fileRef = 750A451B29B9118700026C63 /* BG HOME.png */; };
		750A451E29B912A000026C63 /* LOGO.png in Resources */ = {isa = PBXBuildFile; fileRef = 750A451D29B912A000026C63 /* LOGO.png */; };
		750A452129B91AAC00026C63 /* CalculatorVC.swift in Sources */ = {isa = PBXBuildFile; fileRef = 750A452029B91AAC00026C63 /* CalculatorVC.swift */; };
		750A452429B91C6B00026C63 /* CalculatorScreen.swift in Sources */ = {isa = PBXBuildFile; fileRef = 750A452329B91C6B00026C63 /* CalculatorScreen.swift */; };
		750A452629B91D6300026C63 /* BG BLUR DARK.png in Resources */ = {isa = PBXBuildFile; fileRef = 750A452529B91D6300026C63 /* BG BLUR DARK.png */; };
		750A452829B922BD00026C63 /* LOGO menor.png in Resources */ = {isa = PBXBuildFile; fileRef = 750A452729B922BD00026C63 /* LOGO menor.png */; };
		753ED03829BBD17300668517 /* Alert.swift in Sources */ = {isa = PBXBuildFile; fileRef = 753ED03729BBD17300668517 /* Alert.swift */; };
/* End PBXBuildFile section */

/* Begin PBXFileReference section */
		7502358B29B92BEB00DE77AC /* Botão Back.png */ = {isa = PBXFileReference; lastKnownFileType = image.png; path = "Botão Back.png"; sourceTree = "<group>"; };
		750A450029B90C5100026C63 /* AppAlcoolOuGasolina.app */ = {isa = PBXFileReference; explicitFileType = wrapper.application; includeInIndex = 0; path = AppAlcoolOuGasolina.app; sourceTree = BUILT_PRODUCTS_DIR; };
		750A450329B90C5100026C63 /* AppDelegate.swift */ = {isa = PBXFileReference; lastKnownFileType = sourcecode.swift; path = AppDelegate.swift; sourceTree = "<group>"; };
		750A450529B90C5100026C63 /* SceneDelegate.swift */ = {isa = PBXFileReference; lastKnownFileType = sourcecode.swift; path = SceneDelegate.swift; sourceTree = "<group>"; };
		750A450729B90C5100026C63 /* HomeVC.swift */ = {isa = PBXFileReference; lastKnownFileType = sourcecode.swift; path = HomeVC.swift; sourceTree = "<group>"; };
		750A450C29B90C5200026C63 /* Assets.xcassets */ = {isa = PBXFileReference; lastKnownFileType = folder.assetcatalog; path = Assets.xcassets; sourceTree = "<group>"; };
		750A450F29B90C5200026C63 /* Base */ = {isa = PBXFileReference; lastKnownFileType = file.storyboard; name = Base; path = Base.lproj/LaunchScreen.storyboard; sourceTree = "<group>"; };
		750A451129B90C5200026C63 /* Info.plist */ = {isa = PBXFileReference; lastKnownFileType = text.plist.xml; path = Info.plist; sourceTree = "<group>"; };
		750A451929B90F1A00026C63 /* HomeScreen.swift */ = {isa = PBXFileReference; lastKnownFileType = sourcecode.swift; path = HomeScreen.swift; sourceTree = "<group>"; };
		750A451B29B9118700026C63 /* BG HOME.png */ = {isa = PBXFileReference; lastKnownFileType = image.png; path = "BG HOME.png"; sourceTree = "<group>"; };
		750A451D29B912A000026C63 /* LOGO.png */ = {isa = PBXFileReference; lastKnownFileType = image.png; path = LOGO.png; sourceTree = "<group>"; };
		750A452029B91AAC00026C63 /* CalculatorVC.swift */ = {isa = PBXFileReference; lastKnownFileType = sourcecode.swift; path = CalculatorVC.swift; sourceTree = "<group>"; };
		750A452329B91C6B00026C63 /* CalculatorScreen.swift */ = {isa = PBXFileReference; lastKnownFileType = sourcecode.swift; path = CalculatorScreen.swift; sourceTree = "<group>"; };
		750A452529B91D6300026C63 /* BG BLUR DARK.png */ = {isa = PBXFileReference; lastKnownFileType = image.png; path = "BG BLUR DARK.png"; sourceTree = "<group>"; };
		750A452729B922BD00026C63 /* LOGO menor.png */ = {isa = PBXFileReference; lastKnownFileType = image.png; path = "LOGO menor.png"; sourceTree = "<group>"; };
		753ED03729BBD17300668517 /* Alert.swift */ = {isa = PBXFileReference; lastKnownFileType = sourcecode.swift; path = Alert.swift; sourceTree = "<group>"; };
/* End PBXFileReference section */

/* Begin PBXFrameworksBuildPhase section */
		750A44FD29B90C5100026C63 /* Frameworks */ = {
			isa = PBXFrameworksBuildPhase;
			buildActionMask = 2147483647;
			files = (
			);
			runOnlyForDeploymentPostprocessing = 0;
		};
/* End PBXFrameworksBuildPhase section */

/* Begin PBXGroup section */
		750A44F729B90C5100026C63 = {
			isa = PBXGroup;
			children = (
				750A450229B90C5100026C63 /* AppAlcoolOuGasolina */,
				750A450129B90C5100026C63 /* Products */,
			);
			sourceTree = "<group>";
		};
		750A450129B90C5100026C63 /* Products */ = {
			isa = PBXGroup;
			children = (
				750A450029B90C5100026C63 /* AppAlcoolOuGasolina.app */,
			);
			name = Products;
			sourceTree = "<group>";
		};
		750A450229B90C5100026C63 /* AppAlcoolOuGasolina */ = {
			isa = PBXGroup;
			children = (
				753ED03629BBD15500668517 /* Alert */,
				750A451F29B91A8100026C63 /* Calculator */,
				750A451729B90EEC00026C63 /* Home */,
				750A450329B90C5100026C63 /* AppDelegate.swift */,
				750A450529B90C5100026C63 /* SceneDelegate.swift */,
				750A450C29B90C5200026C63 /* Assets.xcassets */,
				750A451B29B9118700026C63 /* BG HOME.png */,
				750A450E29B90C5200026C63 /* LaunchScreen.storyboard */,
				750A451129B90C5200026C63 /* Info.plist */,
				750A451D29B912A000026C63 /* LOGO.png */,
				750A452529B91D6300026C63 /* BG BLUR DARK.png */,
				750A452729B922BD00026C63 /* LOGO menor.png */,
				7502358B29B92BEB00DE77AC /* Botão Back.png */,
			);
			path = AppAlcoolOuGasolina;
			sourceTree = "<group>";
		};
		750A451729B90EEC00026C63 /* Home */ = {
			isa = PBXGroup;
			children = (
				750A451829B90EF900026C63 /* Screen */,
				750A450729B90C5100026C63 /* HomeVC.swift */,
			);
			path = Home;
			sourceTree = "<group>";
		};
		750A451829B90EF900026C63 /* Screen */ = {
			isa = PBXGroup;
			children = (
				750A451929B90F1A00026C63 /* HomeScreen.swift */,
			);
			path = Screen;
			sourceTree = "<group>";
		};
		750A451F29B91A8100026C63 /* Calculator */ = {
			isa = PBXGroup;
			children = (
				750A452229B91BF800026C63 /* Screen */,
				750A452029B91AAC00026C63 /* CalculatorVC.swift */,
			);
			path = Calculator;
			sourceTree = "<group>";
		};
		750A452229B91BF800026C63 /* Screen */ = {
			isa = PBXGroup;
			children = (
				750A452329B91C6B00026C63 /* CalculatorScreen.swift */,
			);
			path = Screen;
			sourceTree = "<group>";
		};
		753ED03629BBD15500668517 /* Alert */ = {
			isa = PBXGroup;
			children = (
				753ED03729BBD17300668517 /* Alert.swift */,
			);
			path = Alert;
			sourceTree = "<group>";
		};
/* End PBXGroup section */

/* Begin PBXNativeTarget section */
		750A44FF29B90C5100026C63 /* AppAlcoolOuGasolina */ = {
			isa = PBXNativeTarget;
			buildConfigurationList = 750A451429B90C5200026C63 /* Build configuration list for PBXNativeTarget "AppAlcoolOuGasolina" */;
			buildPhases = (
				750A44FC29B90C5100026C63 /* Sources */,
				750A44FD29B90C5100026C63 /* Frameworks */,
				750A44FE29B90C5100026C63 /* Resources */,
			);
			buildRules = (
			);
			dependencies = (
			);
			name = AppAlcoolOuGasolina;
			productName = AppAlcoolOuGasolina;
			productReference = 750A450029B90C5100026C63 /* AppAlcoolOuGasolina.app */;
			productType = "com.apple.product-type.application";
		};
/* End PBXNativeTarget section */

/* Begin PBXProject section */
		750A44F829B90C5100026C63 /* Project object */ = {
			isa = PBXProject;
			attributes = {
				BuildIndependentTargetsInParallel = 1;
				LastSwiftUpdateCheck = 1420;
				LastUpgradeCheck = 1420;
				TargetAttributes = {
					750A44FF29B90C5100026C63 = {
						CreatedOnToolsVersion = 14.2;
					};
				};
			};
			buildConfigurationList = 750A44FB29B90C5100026C63 /* Build configuration list for PBXProject "AppAlcoolOuGasolina" */;
			compatibilityVersion = "Xcode 14.0";
			developmentRegion = en;
			hasScannedForEncodings = 0;
			knownRegions = (
				en,
				Base,
			);
			mainGroup = 750A44F729B90C5100026C63;
			productRefGroup = 750A450129B90C5100026C63 /* Products */;
			projectDirPath = "";
			projectRoot = "";
			targets = (
				750A44FF29B90C5100026C63 /* AppAlcoolOuGasolina */,
			);
		};
/* End PBXProject section */

/* Begin PBXResourcesBuildPhase section */
		750A44FE29B90C5100026C63 /* Resources */ = {
			isa = PBXResourcesBuildPhase;
			buildActionMask = 2147483647;
			files = (
				750A452629B91D6300026C63 /* BG BLUR DARK.png in Resources */,
				750A451E29B912A000026C63 /* LOGO.png in Resources */,
				7502358C29B92BEB00DE77AC /* Botão Back.png in Resources */,
				750A451C29B9118700026C63 /* BG HOME.png in Resources */,
				750A451029B90C5200026C63 /* LaunchScreen.storyboard in Resources */,
				750A450D29B90C5200026C63 /* Assets.xcassets in Resources */,
				750A452829B922BD00026C63 /* LOGO menor.png in Resources */,
			);
			runOnlyForDeploymentPostprocessing = 0;
		};
/* End PBXResourcesBuildPhase section */

/* Begin PBXSourcesBuildPhase section */
		750A44FC29B90C5100026C63 /* Sources */ = {
			isa = PBXSourcesBuildPhase;
			buildActionMask = 2147483647;
			files = (
				750A452129B91AAC00026C63 /* CalculatorVC.swift in Sources */,
				750A451A29B90F1A00026C63 /* HomeScreen.swift in Sources */,
				750A450829B90C5100026C63 /* HomeVC.swift in Sources */,
				750A450429B90C5100026C63 /* AppDelegate.swift in Sources */,
				750A450629B90C5100026C63 /* SceneDelegate.swift in Sources */,
				750A452429B91C6B00026C63 /* CalculatorScreen.swift in Sources */,
				753ED03829BBD17300668517 /* Alert.swift in Sources */,
			);
			runOnlyForDeploymentPostprocessing = 0;
		};
/* End PBXSourcesBuildPhase section */

/* Begin PBXVariantGroup section */
		750A450E29B90C5200026C63 /* LaunchScreen.storyboard */ = {
			isa = PBXVariantGroup;
			children = (
				750A450F29B90C5200026C63 /* Base */,
			);
			name = LaunchScreen.storyboard;
			sourceTree = "<group>";
		};
/* End PBXVariantGroup section */

/* Begin XCBuildConfiguration section */
		750A451229B90C5200026C63 /* Debug */ = {
			isa = XCBuildConfiguration;
			buildSettings = {
				ALWAYS_SEARCH_USER_PATHS = NO;
				CLANG_ANALYZER_NONNULL = YES;
				CLANG_ANALYZER_NUMBER_OBJECT_CONVERSION = YES_AGGRESSIVE;
				CLANG_CXX_LANGUAGE_STANDARD = "gnu++20";
				CLANG_ENABLE_MODULES = YES;
				CLANG_ENABLE_OBJC_ARC = YES;
				CLANG_ENABLE_OBJC_WEAK = YES;
				CLANG_WARN_BLOCK_CAPTURE_AUTORELEASING = YES;
				CLANG_WARN_BOOL_CONVERSION = YES;
				CLANG_WARN_COMMA = YES;
				CLANG_WARN_CONSTANT_CONVERSION = YES;
				CLANG_WARN_DEPRECATED_OBJC_IMPLEMENTATIONS = YES;
				CLANG_WARN_DIRECT_OBJC_ISA_USAGE = YES_ERROR;
				CLANG_WARN_DOCUMENTATION_COMMENTS = YES;
				CLANG_WARN_EMPTY_BODY = YES;
				CLANG_WARN_ENUM_CONVERSION = YES;
				CLANG_WARN_INFINITE_RECURSION = YES;
				CLANG_WARN_INT_CONVERSION = YES;
				CLANG_WARN_NON_LITERAL_NULL_CONVERSION = YES;
				CLANG_WARN_OBJC_IMPLICIT_RETAIN_SELF = YES;
				CLANG_WARN_OBJC_LITERAL_CONVERSION = YES;
				CLANG_WARN_OBJC_ROOT_CLASS = YES_ERROR;
				CLANG_WARN_QUOTED_INCLUDE_IN_FRAMEWORK_HEADER = YES;
				CLANG_WARN_RANGE_LOOP_ANALYSIS = YES;
				CLANG_WARN_STRICT_PROTOTYPES = YES;
				CLANG_WARN_SUSPICIOUS_MOVE = YES;
				CLANG_WARN_UNGUARDED_AVAILABILITY = YES_AGGRESSIVE;
				CLANG_WARN_UNREACHABLE_CODE = YES;
				CLANG_WARN__DUPLICATE_METHOD_MATCH = YES;
				COPY_PHASE_STRIP = NO;
				DEBUG_INFORMATION_FORMAT = dwarf;
				ENABLE_STRICT_OBJC_MSGSEND = YES;
				ENABLE_TESTABILITY = YES;
				GCC_C_LANGUAGE_STANDARD = gnu11;
				GCC_DYNAMIC_NO_PIC = NO;
				GCC_NO_COMMON_BLOCKS = YES;
				GCC_OPTIMIZATION_LEVEL = 0;
				GCC_PREPROCESSOR_DEFINITIONS = (
					"DEBUG=1",
					"$(inherited)",
				);
				GCC_WARN_64_TO_32_BIT_CONVERSION = YES;
				GCC_WARN_ABOUT_RETURN_TYPE = YES_ERROR;
				GCC_WARN_UNDECLARED_SELECTOR = YES;
				GCC_WARN_UNINITIALIZED_AUTOS = YES_AGGRESSIVE;
				GCC_WARN_UNUSED_FUNCTION = YES;
				GCC_WARN_UNUSED_VARIABLE = YES;
				IPHONEOS_DEPLOYMENT_TARGET = 16.2;
				MTL_ENABLE_DEBUG_INFO = INCLUDE_SOURCE;
				MTL_FAST_MATH = YES;
				ONLY_ACTIVE_ARCH = YES;
				SDKROOT = iphoneos;
				SWIFT_ACTIVE_COMPILATION_CONDITIONS = DEBUG;
				SWIFT_OPTIMIZATION_LEVEL = "-Onone";
			};
			name = Debug;
		};
		750A451329B90C5200026C63 /* Release */ = {
			isa = XCBuildConfiguration;
			buildSettings = {
				ALWAYS_SEARCH_USER_PATHS = NO;
				CLANG_ANALYZER_NONNULL = YES;
				CLANG_ANALYZER_NUMBER_OBJECT_CONVERSION = YES_AGGRESSIVE;
				CLANG_CXX_LANGUAGE_STANDARD = "gnu++20";
				CLANG_ENABLE_MODULES = YES;
				CLANG_ENABLE_OBJC_ARC = YES;
				CLANG_ENABLE_OBJC_WEAK = YES;
				CLANG_WARN_BLOCK_CAPTURE_AUTORELEASING = YES;
				CLANG_WARN_BOOL_CONVERSION = YES;
				CLANG_WARN_COMMA = YES;
				CLANG_WARN_CONSTANT_CONVERSION = YES;
				CLANG_WARN_DEPRECATED_OBJC_IMPLEMENTATIONS = YES;
				CLANG_WARN_DIRECT_OBJC_ISA_USAGE = YES_ERROR;
				CLANG_WARN_DOCUMENTATION_COMMENTS = YES;
				CLANG_WARN_EMPTY_BODY = YES;
				CLANG_WARN_ENUM_CONVERSION = YES;
				CLANG_WARN_INFINITE_RECURSION = YES;
				CLANG_WARN_INT_CONVERSION = YES;
				CLANG_WARN_NON_LITERAL_NULL_CONVERSION = YES;
				CLANG_WARN_OBJC_IMPLICIT_RETAIN_SELF = YES;
				CLANG_WARN_OBJC_LITERAL_CONVERSION = YES;
				CLANG_WARN_OBJC_ROOT_CLASS = YES_ERROR;
				CLANG_WARN_QUOTED_INCLUDE_IN_FRAMEWORK_HEADER = YES;
				CLANG_WARN_RANGE_LOOP_ANALYSIS = YES;
				CLANG_WARN_STRICT_PROTOTYPES = YES;
				CLANG_WARN_SUSPICIOUS_MOVE = YES;
				CLANG_WARN_UNGUARDED_AVAILABILITY = YES_AGGRESSIVE;
				CLANG_WARN_UNREACHABLE_CODE = YES;
				CLANG_WARN__DUPLICATE_METHOD_MATCH = YES;
				COPY_PHASE_STRIP = NO;
				DEBUG_INFORMATION_FORMAT = "dwarf-with-dsym";
				ENABLE_NS_ASSERTIONS = NO;
				ENABLE_STRICT_OBJC_MSGSEND = YES;
				GCC_C_LANGUAGE_STANDARD = gnu11;
				GCC_NO_COMMON_BLOCKS = YES;
				GCC_WARN_64_TO_32_BIT_CONVERSION = YES;
				GCC_WARN_ABOUT_RETURN_TYPE = YES_ERROR;
				GCC_WARN_UNDECLARED_SELECTOR = YES;
				GCC_WARN_UNINITIALIZED_AUTOS = YES_AGGRESSIVE;
				GCC_WARN_UNUSED_FUNCTION = YES;
				GCC_WARN_UNUSED_VARIABLE = YES;
				IPHONEOS_DEPLOYMENT_TARGET = 16.2;
				MTL_ENABLE_DEBUG_INFO = NO;
				MTL_FAST_MATH = YES;
				SDKROOT = iphoneos;
				SWIFT_COMPILATION_MODE = wholemodule;
				SWIFT_OPTIMIZATION_LEVEL = "-O";
				VALIDATE_PRODUCT = YES;
			};
			name = Release;
		};
		750A451529B90C5200026C63 /* Debug */ = {
			isa = XCBuildConfiguration;
			buildSettings = {
				ASSETCATALOG_COMPILER_APPICON_NAME = AppIcon;
				ASSETCATALOG_COMPILER_GLOBAL_ACCENT_COLOR_NAME = AccentColor;
				CODE_SIGN_IDENTITY = "Apple Development";
				CODE_SIGN_STYLE = Automatic;
				CURRENT_PROJECT_VERSION = 1;
				DEVELOPMENT_TEAM = "";
				GENERATE_INFOPLIST_FILE = YES;
				INFOPLIST_FILE = AppAlcoolOuGasolina/Info.plist;
				INFOPLIST_KEY_UIApplicationSupportsIndirectInputEvents = YES;
				INFOPLIST_KEY_UILaunchStoryboardName = LaunchScreen;
				INFOPLIST_KEY_UIMainStoryboardFile = "";
				INFOPLIST_KEY_UISupportedInterfaceOrientations_iPad = "UIInterfaceOrientationPortrait UIInterfaceOrientationPortraitUpsideDown UIInterfaceOrientationLandscapeLeft UIInterfaceOrientationLandscapeRight";
				INFOPLIST_KEY_UISupportedInterfaceOrientations_iPhone = "UIInterfaceOrientationPortrait UIInterfaceOrientationLandscapeLeft UIInterfaceOrientationLandscapeRight";
				LD_RUNPATH_SEARCH_PATHS = (
					"$(inherited)",
					"@executable_path/Frameworks",
				);
				MARKETING_VERSION = 1.0;
				PRODUCT_BUNDLE_IDENTIFIER = luanfv.AppAlcoolOuGasolina;
				PRODUCT_NAME = "$(TARGET_NAME)";
				PROVISIONING_PROFILE_SPECIFIER = "";
				SUPPORTED_PLATFORMS = "iphoneos iphonesimulator";
				SUPPORTS_MACCATALYST = NO;
				SUPPORTS_MAC_DESIGNED_FOR_IPHONE_IPAD = NO;
				SWIFT_EMIT_LOC_STRINGS = YES;
				SWIFT_VERSION = 5.0;
				TARGETED_DEVICE_FAMILY = 1;
			};
			name = Debug;
		};
		750A451629B90C5200026C63 /* Release */ = {
			isa = XCBuildConfiguration;
			buildSettings = {
				ASSETCATALOG_COMPILER_APPICON_NAME = AppIcon;
				ASSETCATALOG_COMPILER_GLOBAL_ACCENT_COLOR_NAME = AccentColor;
				CODE_SIGN_IDENTITY = "Apple Development";
				CODE_SIGN_STYLE = Automatic;
				CURRENT_PROJECT_VERSION = 1;
				DEVELOPMENT_TEAM = "";
				GENERATE_INFOPLIST_FILE = YES;
				INFOPLIST_FILE = AppAlcoolOuGasolina/Info.plist;
				INFOPLIST_KEY_UIApplicationSupportsIndirectInputEvents = YES;
				INFOPLIST_KEY_UILaunchStoryboardName = LaunchScreen;
				INFOPLIST_KEY_UIMainStoryboardFile = "";
				INFOPLIST_KEY_UISupportedInterfaceOrientations_iPad = "UIInterfaceOrientationPortrait UIInterfaceOrientationPortraitUpsideDown UIInterfaceOrientationLandscapeLeft UIInterfaceOrientationLandscapeRight";
				INFOPLIST_KEY_UISupportedInterfaceOrientations_iPhone = "UIInterfaceOrientationPortrait UIInterfaceOrientationLandscapeLeft UIInterfaceOrientationLandscapeRight";
				LD_RUNPATH_SEARCH_PATHS = (
					"$(inherited)",
					"@executable_path/Frameworks",
				);
				MARKETING_VERSION = 1.0;
				PRODUCT_BUNDLE_IDENTIFIER = luanfv.AppAlcoolOuGasolina;
				PRODUCT_NAME = "$(TARGET_NAME)";
				PROVISIONING_PROFILE_SPECIFIER = "";
				SUPPORTED_PLATFORMS = "iphoneos iphonesimulator";
				SUPPORTS_MACCATALYST = NO;
				SUPPORTS_MAC_DESIGNED_FOR_IPHONE_IPAD = NO;
				SWIFT_EMIT_LOC_STRINGS = YES;
				SWIFT_VERSION = 5.0;
				TARGETED_DEVICE_FAMILY = 1;
			};
			name = Release;
		};
/* End XCBuildConfiguration section */

/* Begin XCConfigurationList section */
		750A44FB29B90C5100026C63 /* Build configuration list for PBXProject "AppAlcoolOuGasolina" */ = {
			isa = XCConfigurationList;
			buildConfigurations = (
				750A451229B90C5200026C63 /* Debug */,
				750A451329B90C5200026C63 /* Release */,
			);
			defaultConfigurationIsVisible = 0;
			defaultConfigurationName = Release;
		};
		750A451429B90C5200026C63 /* Build configuration list for PBXNativeTarget "AppAlcoolOuGasolina" */ = {
			isa = XCConfigurationList;
			buildConfigurations = (
				750A451529B90C5200026C63 /* Debug */,
				750A451629B90C5200026C63 /* Release */,
			);
			defaultConfigurationIsVisible = 0;
			defaultConfigurationName = Release;
		};
/* End XCConfigurationList section */
	};
	rootObject = 750A44F829B90C5100026C63 /* Project object */;
}
